
Microsoft Visual Studio Solution File, Format Version 12.00
# Visual Studio Version 16
VisualStudioVersion = 16.0.31105.61
MinimumVisualStudioVersion = 10.0.40219.1
Project("{FAE04EC0-301F-11D3-BF4B-00C04F79EFBC}") = "GobbleGumPicker", "GobbleGumPicker\GobbleGumPicker.csproj", "{83193E75-A49A-453C-9840-5D68F59ACEE5}"
EndProject
Global
	GlobalSection(SolutionConfigurationPlatforms) = preSolution
		Debug|Any CPU = Debug|Any CPU
		Release|Any CPU = Release|Any CPU
	EndGlobalSection
	GlobalSection(ProjectConfigurationPlatforms) = postSolution
		{83193E75-A49A-453C-9840-5D68F59ACEE5}.Debug|Any CPU.ActiveCfg = Debug|Any CPU
		{83193E75-A49A-453C-9840-5D68F59ACEE5}.Debug|Any CPU.Build.0 = Debug|Any CPU
		{83193E75-A49A-453C-9840-5D68F59ACEE5}.Release|Any CPU.ActiveCfg = Release|Any CPU
		{83193E75-A49A-453C-9840-5D68F59ACEE5}.Release|Any CPU.Build.0 = Release|Any CPU
	EndGlobalSection
	GlobalSection(SolutionProperties) = preSolution
		HideSolutionNode = FALSE
	EndGlobalSection
	GlobalSection(ExtensibilityGlobals) = postSolution
		SolutionGuid = {DA477DB9-09D9-4A21-AD5C-E9683EC72040}
	EndGlobalSection
EndGlobal
